// !$*UTF8*$!
{
	archiveVersion = 1;
	classes = {
	};
	objectVersion = 55;
	objects = {

/* Begin PBXBuildFile section */
		AA22DDCA289B4162003366FA /* DeviceView.swift in Sources */ = {isa = PBXBuildFile; fileRef = AA22DDC9289B4162003366FA /* DeviceView.swift */; };
		AA22DDCB289B4162003366FA /* DeviceView.swift in Sources */ = {isa = PBXBuildFile; fileRef = AA22DDC9289B4162003366FA /* DeviceView.swift */; };
		AAEED86D28A26440002284A2 /* Scanner+CBCentralManagerDelegate.swift in Sources */ = {isa = PBXBuildFile; fileRef = AAEED86C28A26440002284A2 /* Scanner+CBCentralManagerDelegate.swift */; };
		AAEED86E28A26440002284A2 /* Scanner+CBCentralManagerDelegate.swift in Sources */ = {isa = PBXBuildFile; fileRef = AAEED86C28A26440002284A2 /* Scanner+CBCentralManagerDelegate.swift */; };
		AAEED87028A26528002284A2 /* Scanner+CBPeripheralDelegate.swift in Sources */ = {isa = PBXBuildFile; fileRef = AAEED86F28A26528002284A2 /* Scanner+CBPeripheralDelegate.swift */; };
		AAEED87128A26528002284A2 /* Scanner+CBPeripheralDelegate.swift in Sources */ = {isa = PBXBuildFile; fileRef = AAEED86F28A26528002284A2 /* Scanner+CBPeripheralDelegate.swift */; };
		AAFB2FE4289A89CD008207FE /* Scanner.swift in Sources */ = {isa = PBXBuildFile; fileRef = AAFB2FE3289A89CD008207FE /* Scanner.swift */; };
		AAFB2FE5289A89CD008207FE /* Scanner.swift in Sources */ = {isa = PBXBuildFile; fileRef = AAFB2FE3289A89CD008207FE /* Scanner.swift */; };
		AAFB2FE7289A8C48008207FE /* Device.swift in Sources */ = {isa = PBXBuildFile; fileRef = AAFB2FE6289A8C48008207FE /* Device.swift */; };
		AAFB2FE8289A8C48008207FE /* Device.swift in Sources */ = {isa = PBXBuildFile; fileRef = AAFB2FE6289A8C48008207FE /* Device.swift */; };
		AAFB2FEA289A8C95008207FE /* Logger.swift in Sources */ = {isa = PBXBuildFile; fileRef = AAFB2FE9289A8C95008207FE /* Logger.swift */; };
		AAFB2FEB289A8C95008207FE /* Logger.swift in Sources */ = {isa = PBXBuildFile; fileRef = AAFB2FE9289A8C95008207FE /* Logger.swift */; };
		AAFB2FED289A8DB7008207FE /* CBExtensions.swift in Sources */ = {isa = PBXBuildFile; fileRef = AAFB2FEC289A8DB7008207FE /* CBExtensions.swift */; };
		AAFB2FEE289A8DB7008207FE /* CBExtensions.swift in Sources */ = {isa = PBXBuildFile; fileRef = AAFB2FEC289A8DB7008207FE /* CBExtensions.swift */; };
		AAFB2FF0289A9D2E008207FE /* AdvertisementData.swift in Sources */ = {isa = PBXBuildFile; fileRef = AAFB2FEF289A9D2E008207FE /* AdvertisementData.swift */; };
		AAFB2FF1289A9D2E008207FE /* AdvertisementData.swift in Sources */ = {isa = PBXBuildFile; fileRef = AAFB2FEF289A9D2E008207FE /* AdvertisementData.swift */; };
		AAFB2FF3289A9E27008207FE /* RSSI.swift in Sources */ = {isa = PBXBuildFile; fileRef = AAFB2FF2289A9E27008207FE /* RSSI.swift */; };
		AAFB2FF4289A9E27008207FE /* RSSI.swift in Sources */ = {isa = PBXBuildFile; fileRef = AAFB2FF2289A9E27008207FE /* RSSI.swift */; };
		AAFB2FF6289AB7EB008207FE /* ScannerView.swift in Sources */ = {isa = PBXBuildFile; fileRef = AAFB2FF5289AB7EB008207FE /* ScannerView.swift */; };
		AAFB2FF7289AB7EB008207FE /* ScannerView.swift in Sources */ = {isa = PBXBuildFile; fileRef = AAFB2FF5289AB7EB008207FE /* ScannerView.swift */; };
		AAFBF8312899482B00A6655C /* nRF_MemfaultApp.swift in Sources */ = {isa = PBXBuildFile; fileRef = AAFBF8212899482900A6655C /* nRF_MemfaultApp.swift */; };
		AAFBF8322899482B00A6655C /* nRF_MemfaultApp.swift in Sources */ = {isa = PBXBuildFile; fileRef = AAFBF8212899482900A6655C /* nRF_MemfaultApp.swift */; };
		AAFBF8332899482B00A6655C /* ContentView.swift in Sources */ = {isa = PBXBuildFile; fileRef = AAFBF8222899482900A6655C /* ContentView.swift */; };
		AAFBF8342899482B00A6655C /* ContentView.swift in Sources */ = {isa = PBXBuildFile; fileRef = AAFBF8222899482900A6655C /* ContentView.swift */; };
		AAFBF8352899482B00A6655C /* Assets.xcassets in Resources */ = {isa = PBXBuildFile; fileRef = AAFBF8232899482A00A6655C /* Assets.xcassets */; };
		AAFBF8362899482B00A6655C /* Assets.xcassets in Resources */ = {isa = PBXBuildFile; fileRef = AAFBF8232899482A00A6655C /* Assets.xcassets */; };
		AAFBF84328994C8B00A6655C /* Constant.swift in Sources */ = {isa = PBXBuildFile; fileRef = AAFBF84228994C8B00A6655C /* Constant.swift */; };
		AAFBF84428994C8B00A6655C /* Constant.swift in Sources */ = {isa = PBXBuildFile; fileRef = AAFBF84228994C8B00A6655C /* Constant.swift */; };
		AAFBF84A28996AA100A6655C /* AppData.swift in Sources */ = {isa = PBXBuildFile; fileRef = AAFBF84928996AA100A6655C /* AppData.swift */; };
		AAFBF84B28996AA100A6655C /* AppData.swift in Sources */ = {isa = PBXBuildFile; fileRef = AAFBF84928996AA100A6655C /* AppData.swift */; };
		AAFBF84D2899742E00A6655C /* DeviceManager.swift in Sources */ = {isa = PBXBuildFile; fileRef = AAFBF84C2899742E00A6655C /* DeviceManager.swift */; };
		AAFBF84E2899742E00A6655C /* DeviceManager.swift in Sources */ = {isa = PBXBuildFile; fileRef = AAFBF84C2899742E00A6655C /* DeviceManager.swift */; };
		AAFBF8532899747600A6655C /* BluetoothError.swift in Sources */ = {isa = PBXBuildFile; fileRef = AAFBF8522899747600A6655C /* BluetoothError.swift */; };
		AAFBF8542899747600A6655C /* BluetoothError.swift in Sources */ = {isa = PBXBuildFile; fileRef = AAFBF8522899747600A6655C /* BluetoothError.swift */; };
/* End PBXBuildFile section */

/* Begin PBXFileReference section */
		AA22DDC9289B4162003366FA /* DeviceView.swift */ = {isa = PBXFileReference; lastKnownFileType = sourcecode.swift; path = DeviceView.swift; sourceTree = "<group>"; };
		AAEED86C28A26440002284A2 /* Scanner+CBCentralManagerDelegate.swift */ = {isa = PBXFileReference; lastKnownFileType = sourcecode.swift; path = "Scanner+CBCentralManagerDelegate.swift"; sourceTree = "<group>"; };
		AAEED86F28A26528002284A2 /* Scanner+CBPeripheralDelegate.swift */ = {isa = PBXFileReference; lastKnownFileType = sourcecode.swift; path = "Scanner+CBPeripheralDelegate.swift"; sourceTree = "<group>"; };
		AAFB2FE3289A89CD008207FE /* Scanner.swift */ = {isa = PBXFileReference; lastKnownFileType = sourcecode.swift; path = Scanner.swift; sourceTree = "<group>"; };
		AAFB2FE6289A8C48008207FE /* Device.swift */ = {isa = PBXFileReference; lastKnownFileType = sourcecode.swift; path = Device.swift; sourceTree = "<group>"; };
		AAFB2FE9289A8C95008207FE /* Logger.swift */ = {isa = PBXFileReference; lastKnownFileType = sourcecode.swift; path = Logger.swift; sourceTree = "<group>"; };
		AAFB2FEC289A8DB7008207FE /* CBExtensions.swift */ = {isa = PBXFileReference; lastKnownFileType = sourcecode.swift; path = CBExtensions.swift; sourceTree = "<group>"; };
		AAFB2FEF289A9D2E008207FE /* AdvertisementData.swift */ = {isa = PBXFileReference; lastKnownFileType = sourcecode.swift; path = AdvertisementData.swift; sourceTree = "<group>"; };
		AAFB2FF2289A9E27008207FE /* RSSI.swift */ = {isa = PBXFileReference; lastKnownFileType = sourcecode.swift; path = RSSI.swift; sourceTree = "<group>"; };
		AAFB2FF5289AB7EB008207FE /* ScannerView.swift */ = {isa = PBXFileReference; lastKnownFileType = sourcecode.swift; path = ScannerView.swift; sourceTree = "<group>"; };
		AAFBF8212899482900A6655C /* nRF_MemfaultApp.swift */ = {isa = PBXFileReference; lastKnownFileType = sourcecode.swift; path = nRF_MemfaultApp.swift; sourceTree = "<group>"; };
		AAFBF8222899482900A6655C /* ContentView.swift */ = {isa = PBXFileReference; lastKnownFileType = sourcecode.swift; path = ContentView.swift; sourceTree = "<group>"; };
		AAFBF8232899482A00A6655C /* Assets.xcassets */ = {isa = PBXFileReference; lastKnownFileType = folder.assetcatalog; path = Assets.xcassets; sourceTree = "<group>"; };
		AAFBF8282899482B00A6655C /* nRF Memfault.app */ = {isa = PBXFileReference; explicitFileType = wrapper.application; includeInIndex = 0; path = "nRF Memfault.app"; sourceTree = BUILT_PRODUCTS_DIR; };
		AAFBF82E2899482B00A6655C /* nRF Memfault.app */ = {isa = PBXFileReference; explicitFileType = wrapper.application; includeInIndex = 0; path = "nRF Memfault.app"; sourceTree = BUILT_PRODUCTS_DIR; };
		AAFBF8302899482B00A6655C /* macOS.entitlements */ = {isa = PBXFileReference; lastKnownFileType = text.plist.entitlements; path = macOS.entitlements; sourceTree = "<group>"; };
		AAFBF84228994C8B00A6655C /* Constant.swift */ = {isa = PBXFileReference; lastKnownFileType = sourcecode.swift; path = Constant.swift; sourceTree = "<group>"; };
		AAFBF84928996AA100A6655C /* AppData.swift */ = {isa = PBXFileReference; lastKnownFileType = sourcecode.swift; path = AppData.swift; sourceTree = "<group>"; };
		AAFBF84C2899742E00A6655C /* DeviceManager.swift */ = {isa = PBXFileReference; lastKnownFileType = sourcecode.swift; path = DeviceManager.swift; sourceTree = "<group>"; };
		AAFBF8522899747600A6655C /* BluetoothError.swift */ = {isa = PBXFileReference; lastKnownFileType = sourcecode.swift; path = BluetoothError.swift; sourceTree = "<group>"; };
/* End PBXFileReference section */

/* Begin PBXFrameworksBuildPhase section */
		AAFBF8252899482B00A6655C /* Frameworks */ = {
			isa = PBXFrameworksBuildPhase;
			buildActionMask = 2147483647;
			files = (
			);
			runOnlyForDeploymentPostprocessing = 0;
		};
		AAFBF82B2899482B00A6655C /* Frameworks */ = {
			isa = PBXFrameworksBuildPhase;
			buildActionMask = 2147483647;
			files = (
			);
			runOnlyForDeploymentPostprocessing = 0;
		};
/* End PBXFrameworksBuildPhase section */

/* Begin PBXGroup section */
		AA22DDC8289B414A003366FA /* Scanner */ = {
			isa = PBXGroup;
			children = (
				AA22DDC9289B4162003366FA /* DeviceView.swift */,
				AAFB2FF5289AB7EB008207FE /* ScannerView.swift */,
			);
			path = Scanner;
			sourceTree = "<group>";
		};
		AAFBF81B2899482900A6655C = {
			isa = PBXGroup;
			children = (
				AAFBF8452899554600A6655C /* Example */,
				AAFBF8462899556300A6655C /* Source */,
				AAFBF8292899482B00A6655C /* Products */,
			);
			sourceTree = "<group>";
		};
		AAFBF8202899482900A6655C /* Shared */ = {
			isa = PBXGroup;
			children = (
				AAFBF84028994C1E00A6655C /* Views */,
				AAFBF84828996A9000A6655C /* State */,
				AAFBF8232899482A00A6655C /* Assets.xcassets */,
			);
			path = Shared;
			sourceTree = "<group>";
		};
		AAFBF8292899482B00A6655C /* Products */ = {
			isa = PBXGroup;
			children = (
				AAFBF8282899482B00A6655C /* nRF Memfault.app */,
				AAFBF82E2899482B00A6655C /* nRF Memfault.app */,
			);
			name = Products;
			sourceTree = "<group>";
		};
		AAFBF82F2899482B00A6655C /* macOS */ = {
			isa = PBXGroup;
			children = (
				AAFBF8302899482B00A6655C /* macOS.entitlements */,
			);
			path = macOS;
			sourceTree = "<group>";
		};
		AAFBF84028994C1E00A6655C /* Views */ = {
			isa = PBXGroup;
			children = (
				AA22DDC8289B414A003366FA /* Scanner */,
				AAFBF8222899482900A6655C /* ContentView.swift */,
				AAFBF8212899482900A6655C /* nRF_MemfaultApp.swift */,
			);
			path = Views;
			sourceTree = "<group>";
		};
		AAFBF84128994C3800A6655C /* Utilities */ = {
			isa = PBXGroup;
			children = (
				AAFBF84228994C8B00A6655C /* Constant.swift */,
				AAFB2FE9289A8C95008207FE /* Logger.swift */,
			);
			path = Utilities;
			sourceTree = "<group>";
		};
		AAFBF8452899554600A6655C /* Example */ = {
			isa = PBXGroup;
			children = (
				AAFBF8202899482900A6655C /* Shared */,
				AAFBF82F2899482B00A6655C /* macOS */,
			);
			path = Example;
			sourceTree = "<group>";
		};
		AAFBF8462899556300A6655C /* Source */ = {
			isa = PBXGroup;
			children = (
				AAFBF84728996A7500A6655C /* Bluetooth */,
				AAFBF84128994C3800A6655C /* Utilities */,
			);
			path = Source;
			sourceTree = "<group>";
		};
		AAFBF84728996A7500A6655C /* Bluetooth */ = {
			isa = PBXGroup;
			children = (
				AAFBF8522899747600A6655C /* BluetoothError.swift */,
				AAFBF84C2899742E00A6655C /* DeviceManager.swift */,
				AAFB2FEF289A9D2E008207FE /* AdvertisementData.swift */,
				AAFB2FE3289A89CD008207FE /* Scanner.swift */,
				AAEED86C28A26440002284A2 /* Scanner+CBCentralManagerDelegate.swift */,
				AAEED86F28A26528002284A2 /* Scanner+CBPeripheralDelegate.swift */,
				AAFB2FEC289A8DB7008207FE /* CBExtensions.swift */,
				AAFB2FF2289A9E27008207FE /* RSSI.swift */,
			);
			path = Bluetooth;
			sourceTree = "<group>";
		};
		AAFBF84828996A9000A6655C /* State */ = {
			isa = PBXGroup;
			children = (
				AAFB2FE6289A8C48008207FE /* Device.swift */,
				AAFBF84928996AA100A6655C /* AppData.swift */,
			);
			path = State;
			sourceTree = "<group>";
		};
/* End PBXGroup section */

/* Begin PBXNativeTarget section */
		AAFBF8272899482B00A6655C /* nRF Memfault (iOS) */ = {
			isa = PBXNativeTarget;
			buildConfigurationList = AAFBF8392899482B00A6655C /* Build configuration list for PBXNativeTarget "nRF Memfault (iOS)" */;
			buildPhases = (
				AAFBF8242899482B00A6655C /* Sources */,
				AAFBF8252899482B00A6655C /* Frameworks */,
				AAFBF8262899482B00A6655C /* Resources */,
				AAFBF83F28994BDE00A6655C /* ShellScript */,
			);
			buildRules = (
			);
			dependencies = (
			);
			name = "nRF Memfault (iOS)";
			productName = "nRF Memfault (iOS)";
			productReference = AAFBF8282899482B00A6655C /* nRF Memfault.app */;
			productType = "com.apple.product-type.application";
		};
		AAFBF82D2899482B00A6655C /* nRF Memfault (macOS) */ = {
			isa = PBXNativeTarget;
			buildConfigurationList = AAFBF83C2899482B00A6655C /* Build configuration list for PBXNativeTarget "nRF Memfault (macOS)" */;
			buildPhases = (
				AAFBF82A2899482B00A6655C /* Sources */,
				AAFBF82B2899482B00A6655C /* Frameworks */,
				AAFBF82C2899482B00A6655C /* Resources */,
			);
			buildRules = (
			);
			dependencies = (
			);
			name = "nRF Memfault (macOS)";
			productName = "nRF Memfault (macOS)";
			productReference = AAFBF82E2899482B00A6655C /* nRF Memfault.app */;
			productType = "com.apple.product-type.application";
		};
/* End PBXNativeTarget section */

/* Begin PBXProject section */
		AAFBF81C2899482900A6655C /* Project object */ = {
			isa = PBXProject;
			attributes = {
				BuildIndependentTargetsInParallel = 1;
				LastSwiftUpdateCheck = 1340;
				LastUpgradeCheck = 1340;
				TargetAttributes = {
					AAFBF8272899482B00A6655C = {
						CreatedOnToolsVersion = 13.4.1;
					};
					AAFBF82D2899482B00A6655C = {
						CreatedOnToolsVersion = 13.4.1;
					};
				};
			};
			buildConfigurationList = AAFBF81F2899482900A6655C /* Build configuration list for PBXProject "nRF Memfault" */;
			compatibilityVersion = "Xcode 13.0";
			developmentRegion = en;
			hasScannedForEncodings = 0;
			knownRegions = (
				en,
				Base,
			);
			mainGroup = AAFBF81B2899482900A6655C;
			productRefGroup = AAFBF8292899482B00A6655C /* Products */;
			projectDirPath = "";
			projectRoot = "";
			targets = (
				AAFBF8272899482B00A6655C /* nRF Memfault (iOS) */,
				AAFBF82D2899482B00A6655C /* nRF Memfault (macOS) */,
			);
		};
/* End PBXProject section */

/* Begin PBXResourcesBuildPhase section */
		AAFBF8262899482B00A6655C /* Resources */ = {
			isa = PBXResourcesBuildPhase;
			buildActionMask = 2147483647;
			files = (
				AAFBF8352899482B00A6655C /* Assets.xcassets in Resources */,
			);
			runOnlyForDeploymentPostprocessing = 0;
		};
		AAFBF82C2899482B00A6655C /* Resources */ = {
			isa = PBXResourcesBuildPhase;
			buildActionMask = 2147483647;
			files = (
				AAFBF8362899482B00A6655C /* Assets.xcassets in Resources */,
			);
			runOnlyForDeploymentPostprocessing = 0;
		};
/* End PBXResourcesBuildPhase section */

/* Begin PBXShellScriptBuildPhase section */
		AAFBF83F28994BDE00A6655C /* ShellScript */ = {
			isa = PBXShellScriptBuildPhase;
			buildActionMask = 2147483647;
			files = (
			);
			inputFileListPaths = (
			);
			inputPaths = (
				"$(TARGET_BUILD_DIR)/$(INFOPLIST_PATH)",
			);
			outputFileListPaths = (
			);
			outputPaths = (
			);
			runOnlyForDeploymentPostprocessing = 0;
			shellPath = /bin/sh;
			shellScript = "#\n# Set the build number to the current git commit count.\n# If we're using the Dev scheme, then we'll suffix the build\n# number with the current branch name, to make collisions\n# far less likely across feature branches.\n# Based on: http://w3facility.info/question/how-do-i-force-xcode-to-rebuild-the-info-plist-file-in-my-project-every-time-i-build-the-project/\n#\n# Updated with dSYM handling from http://yellowfeather.co.uk/blog/auto-incrementing-build-number-in-xcode-revisited/\n#\n# Seen here: http://blog.jaredsinclair.com/post/97193356620/the-best-of-all-possible-xcode-automated-build\n\ngit=`sh /etc/profile; which git`\nreferenceGitTag=\"git-init\"\nappBuild=`\"$git\" rev-list \"$referenceGitTag\"..HEAD --count`\nbranchName=`\"$git\" rev-parse --abbrev-ref HEAD`\necho \"buildNo $appBuild-$branchName\"\n\ndsym_plist=\"$DWARF_DSYM_FOLDER_PATH/$DWARF_DSYM_FILE_NAME/Contents/Info.plist\"\ntarget_plist=\"$TARGET_BUILD_DIR/$INFOPLIST_PATH\"\n\nfor plist in \"$target_plist\" \"$dsym_plist\"; do\n    if [ -f \"$plist\" ]; then\n        /usr/libexec/PlistBuddy -c \"Set :CFBundleVersion $appBuild\" \"$plist\"\n        echo \"Build number set to $appBuild in ${TARGET_BUILD_DIR}/${INFOPLIST_PATH}\"\n    fi\n\ndone\n";
		};
/* End PBXShellScriptBuildPhase section */

/* Begin PBXSourcesBuildPhase section */
		AAFBF8242899482B00A6655C /* Sources */ = {
			isa = PBXSourcesBuildPhase;
			buildActionMask = 2147483647;
			files = (
				AAFBF8332899482B00A6655C /* ContentView.swift in Sources */,
				AAFBF8312899482B00A6655C /* nRF_MemfaultApp.swift in Sources */,
				AAFB2FE7289A8C48008207FE /* Device.swift in Sources */,
				AAFBF84328994C8B00A6655C /* Constant.swift in Sources */,
				AAFB2FF6289AB7EB008207FE /* ScannerView.swift in Sources */,
				AAFB2FF0289A9D2E008207FE /* AdvertisementData.swift in Sources */,
				AAEED87028A26528002284A2 /* Scanner+CBPeripheralDelegate.swift in Sources */,
				AAFB2FEA289A8C95008207FE /* Logger.swift in Sources */,
				AAFB2FF3289A9E27008207FE /* RSSI.swift in Sources */,
				AAFB2FED289A8DB7008207FE /* CBExtensions.swift in Sources */,
				AAEED86D28A26440002284A2 /* Scanner+CBCentralManagerDelegate.swift in Sources */,
				AAFBF84A28996AA100A6655C /* AppData.swift in Sources */,
				AA22DDCA289B4162003366FA /* DeviceView.swift in Sources */,
				AAFBF84D2899742E00A6655C /* DeviceManager.swift in Sources */,
				AAFB2FE4289A89CD008207FE /* Scanner.swift in Sources */,
				AAFBF8532899747600A6655C /* BluetoothError.swift in Sources */,
			);
			runOnlyForDeploymentPostprocessing = 0;
		};
		AAFBF82A2899482B00A6655C /* Sources */ = {
			isa = PBXSourcesBuildPhase;
			buildActionMask = 2147483647;
			files = (
				AAFBF8342899482B00A6655C /* ContentView.swift in Sources */,
				AAFBF8322899482B00A6655C /* nRF_MemfaultApp.swift in Sources */,
				AAFB2FE8289A8C48008207FE /* Device.swift in Sources */,
				AAFBF84428994C8B00A6655C /* Constant.swift in Sources */,
				AAFB2FF7289AB7EB008207FE /* ScannerView.swift in Sources */,
				AAFB2FF1289A9D2E008207FE /* AdvertisementData.swift in Sources */,
				AAEED87128A26528002284A2 /* Scanner+CBPeripheralDelegate.swift in Sources */,
				AAFB2FEB289A8C95008207FE /* Logger.swift in Sources */,
				AAFB2FF4289A9E27008207FE /* RSSI.swift in Sources */,
				AAFB2FEE289A8DB7008207FE /* CBExtensions.swift in Sources */,
				AAEED86E28A26440002284A2 /* Scanner+CBCentralManagerDelegate.swift in Sources */,
				AAFBF84B28996AA100A6655C /* AppData.swift in Sources */,
				AA22DDCB289B4162003366FA /* DeviceView.swift in Sources */,
				AAFBF84E2899742E00A6655C /* DeviceManager.swift in Sources */,
				AAFB2FE5289A89CD008207FE /* Scanner.swift in Sources */,
				AAFBF8542899747600A6655C /* BluetoothError.swift in Sources */,
			);
			runOnlyForDeploymentPostprocessing = 0;
		};
/* End PBXSourcesBuildPhase section */

/* Begin XCBuildConfiguration section */
		AAFBF8372899482B00A6655C /* Debug */ = {
			isa = XCBuildConfiguration;
			buildSettings = {
				ALWAYS_SEARCH_USER_PATHS = NO;
				CLANG_ANALYZER_NONNULL = YES;
				CLANG_ANALYZER_NUMBER_OBJECT_CONVERSION = YES_AGGRESSIVE;
				CLANG_CXX_LANGUAGE_STANDARD = "gnu++17";
				CLANG_ENABLE_MODULES = YES;
				CLANG_ENABLE_OBJC_ARC = YES;
				CLANG_ENABLE_OBJC_WEAK = YES;
				CLANG_WARN_BLOCK_CAPTURE_AUTORELEASING = YES;
				CLANG_WARN_BOOL_CONVERSION = YES;
				CLANG_WARN_COMMA = YES;
				CLANG_WARN_CONSTANT_CONVERSION = YES;
				CLANG_WARN_DEPRECATED_OBJC_IMPLEMENTATIONS = YES;
				CLANG_WARN_DIRECT_OBJC_ISA_USAGE = YES_ERROR;
				CLANG_WARN_DOCUMENTATION_COMMENTS = YES;
				CLANG_WARN_EMPTY_BODY = YES;
				CLANG_WARN_ENUM_CONVERSION = YES;
				CLANG_WARN_INFINITE_RECURSION = YES;
				CLANG_WARN_INT_CONVERSION = YES;
				CLANG_WARN_NON_LITERAL_NULL_CONVERSION = YES;
				CLANG_WARN_OBJC_IMPLICIT_RETAIN_SELF = YES;
				CLANG_WARN_OBJC_LITERAL_CONVERSION = YES;
				CLANG_WARN_OBJC_ROOT_CLASS = YES_ERROR;
				CLANG_WARN_QUOTED_INCLUDE_IN_FRAMEWORK_HEADER = YES;
				CLANG_WARN_RANGE_LOOP_ANALYSIS = YES;
				CLANG_WARN_STRICT_PROTOTYPES = YES;
				CLANG_WARN_SUSPICIOUS_MOVE = YES;
				CLANG_WARN_UNGUARDED_AVAILABILITY = YES_AGGRESSIVE;
				CLANG_WARN_UNREACHABLE_CODE = YES;
				CLANG_WARN__DUPLICATE_METHOD_MATCH = YES;
				COPY_PHASE_STRIP = NO;
				DEBUG_INFORMATION_FORMAT = dwarf;
				ENABLE_STRICT_OBJC_MSGSEND = YES;
				ENABLE_TESTABILITY = YES;
				GCC_C_LANGUAGE_STANDARD = gnu11;
				GCC_DYNAMIC_NO_PIC = NO;
				GCC_NO_COMMON_BLOCKS = YES;
				GCC_OPTIMIZATION_LEVEL = 0;
				GCC_PREPROCESSOR_DEFINITIONS = (
					"DEBUG=1",
					"$(inherited)",
				);
				GCC_WARN_64_TO_32_BIT_CONVERSION = YES;
				GCC_WARN_ABOUT_RETURN_TYPE = YES_ERROR;
				GCC_WARN_UNDECLARED_SELECTOR = YES;
				GCC_WARN_UNINITIALIZED_AUTOS = YES_AGGRESSIVE;
				GCC_WARN_UNUSED_FUNCTION = YES;
				GCC_WARN_UNUSED_VARIABLE = YES;
				MTL_ENABLE_DEBUG_INFO = INCLUDE_SOURCE;
				MTL_FAST_MATH = YES;
				ONLY_ACTIVE_ARCH = YES;
				SWIFT_ACTIVE_COMPILATION_CONDITIONS = DEBUG;
				SWIFT_OPTIMIZATION_LEVEL = "-Onone";
			};
			name = Debug;
		};
		AAFBF8382899482B00A6655C /* Release */ = {
			isa = XCBuildConfiguration;
			buildSettings = {
				ALWAYS_SEARCH_USER_PATHS = NO;
				CLANG_ANALYZER_NONNULL = YES;
				CLANG_ANALYZER_NUMBER_OBJECT_CONVERSION = YES_AGGRESSIVE;
				CLANG_CXX_LANGUAGE_STANDARD = "gnu++17";
				CLANG_ENABLE_MODULES = YES;
				CLANG_ENABLE_OBJC_ARC = YES;
				CLANG_ENABLE_OBJC_WEAK = YES;
				CLANG_WARN_BLOCK_CAPTURE_AUTORELEASING = YES;
				CLANG_WARN_BOOL_CONVERSION = YES;
				CLANG_WARN_COMMA = YES;
				CLANG_WARN_CONSTANT_CONVERSION = YES;
				CLANG_WARN_DEPRECATED_OBJC_IMPLEMENTATIONS = YES;
				CLANG_WARN_DIRECT_OBJC_ISA_USAGE = YES_ERROR;
				CLANG_WARN_DOCUMENTATION_COMMENTS = YES;
				CLANG_WARN_EMPTY_BODY = YES;
				CLANG_WARN_ENUM_CONVERSION = YES;
				CLANG_WARN_INFINITE_RECURSION = YES;
				CLANG_WARN_INT_CONVERSION = YES;
				CLANG_WARN_NON_LITERAL_NULL_CONVERSION = YES;
				CLANG_WARN_OBJC_IMPLICIT_RETAIN_SELF = YES;
				CLANG_WARN_OBJC_LITERAL_CONVERSION = YES;
				CLANG_WARN_OBJC_ROOT_CLASS = YES_ERROR;
				CLANG_WARN_QUOTED_INCLUDE_IN_FRAMEWORK_HEADER = YES;
				CLANG_WARN_RANGE_LOOP_ANALYSIS = YES;
				CLANG_WARN_STRICT_PROTOTYPES = YES;
				CLANG_WARN_SUSPICIOUS_MOVE = YES;
				CLANG_WARN_UNGUARDED_AVAILABILITY = YES_AGGRESSIVE;
				CLANG_WARN_UNREACHABLE_CODE = YES;
				CLANG_WARN__DUPLICATE_METHOD_MATCH = YES;
				COPY_PHASE_STRIP = NO;
				DEBUG_INFORMATION_FORMAT = "dwarf-with-dsym";
				ENABLE_NS_ASSERTIONS = NO;
				ENABLE_STRICT_OBJC_MSGSEND = YES;
				GCC_C_LANGUAGE_STANDARD = gnu11;
				GCC_NO_COMMON_BLOCKS = YES;
				GCC_WARN_64_TO_32_BIT_CONVERSION = YES;
				GCC_WARN_ABOUT_RETURN_TYPE = YES_ERROR;
				GCC_WARN_UNDECLARED_SELECTOR = YES;
				GCC_WARN_UNINITIALIZED_AUTOS = YES_AGGRESSIVE;
				GCC_WARN_UNUSED_FUNCTION = YES;
				GCC_WARN_UNUSED_VARIABLE = YES;
				MTL_ENABLE_DEBUG_INFO = NO;
				MTL_FAST_MATH = YES;
				SWIFT_COMPILATION_MODE = wholemodule;
				SWIFT_OPTIMIZATION_LEVEL = "-O";
			};
			name = Release;
		};
		AAFBF83A2899482B00A6655C /* Debug */ = {
			isa = XCBuildConfiguration;
			buildSettings = {
				ASSETCATALOG_COMPILER_APPICON_NAME = AppIcon;
				ASSETCATALOG_COMPILER_GLOBAL_ACCENT_COLOR_NAME = AccentColor;
				CODE_SIGN_STYLE = Automatic;
				CURRENT_PROJECT_VERSION = 1;
				DEVELOPMENT_TEAM = P3R8YQEV4L;
				ENABLE_PREVIEWS = YES;
				GENERATE_INFOPLIST_FILE = YES;
				INFOPLIST_KEY_NSBluetoothAlwaysUsageDescription = "To connect to your Device, we need Bluetooth access.";
				INFOPLIST_KEY_UIApplicationSceneManifest_Generation = YES;
				INFOPLIST_KEY_UIApplicationSupportsIndirectInputEvents = YES;
				INFOPLIST_KEY_UILaunchScreen_Generation = YES;
				INFOPLIST_KEY_UISupportedInterfaceOrientations_iPad = "UIInterfaceOrientationPortrait UIInterfaceOrientationPortraitUpsideDown UIInterfaceOrientationLandscapeLeft UIInterfaceOrientationLandscapeRight";
				INFOPLIST_KEY_UISupportedInterfaceOrientations_iPhone = "UIInterfaceOrientationPortrait UIInterfaceOrientationLandscapeLeft UIInterfaceOrientationLandscapeRight";
				IPHONEOS_DEPLOYMENT_TARGET = 15.5;
				LD_RUNPATH_SEARCH_PATHS = (
					"$(inherited)",
					"@executable_path/Frameworks",
				);
				MARKETING_VERSION = 1.0;
				PRODUCT_BUNDLE_IDENTIFIER = "com.nordicsemi.nRF-Memfault";
				PRODUCT_NAME = "nRF Memfault";
				SDKROOT = iphoneos;
				SWIFT_EMIT_LOC_STRINGS = YES;
				SWIFT_VERSION = 5.0;
				TARGETED_DEVICE_FAMILY = "1,2";
			};
			name = Debug;
		};
		AAFBF83B2899482B00A6655C /* Release */ = {
			isa = XCBuildConfiguration;
			buildSettings = {
				ASSETCATALOG_COMPILER_APPICON_NAME = AppIcon;
				ASSETCATALOG_COMPILER_GLOBAL_ACCENT_COLOR_NAME = AccentColor;
				CODE_SIGN_STYLE = Automatic;
				CURRENT_PROJECT_VERSION = 1;
				DEVELOPMENT_TEAM = P3R8YQEV4L;
				ENABLE_PREVIEWS = YES;
				GENERATE_INFOPLIST_FILE = YES;
				INFOPLIST_KEY_NSBluetoothAlwaysUsageDescription = "To connect to your Device, we need Bluetooth access.";
				INFOPLIST_KEY_UIApplicationSceneManifest_Generation = YES;
				INFOPLIST_KEY_UIApplicationSupportsIndirectInputEvents = YES;
				INFOPLIST_KEY_UILaunchScreen_Generation = YES;
				INFOPLIST_KEY_UISupportedInterfaceOrientations_iPad = "UIInterfaceOrientationPortrait UIInterfaceOrientationPortraitUpsideDown UIInterfaceOrientationLandscapeLeft UIInterfaceOrientationLandscapeRight";
				INFOPLIST_KEY_UISupportedInterfaceOrientations_iPhone = "UIInterfaceOrientationPortrait UIInterfaceOrientationLandscapeLeft UIInterfaceOrientationLandscapeRight";
				IPHONEOS_DEPLOYMENT_TARGET = 15.5;
				LD_RUNPATH_SEARCH_PATHS = (
					"$(inherited)",
					"@executable_path/Frameworks",
				);
				MARKETING_VERSION = 1.0;
				PRODUCT_BUNDLE_IDENTIFIER = "com.nordicsemi.nRF-Memfault";
				PRODUCT_NAME = "nRF Memfault";
				SDKROOT = iphoneos;
				SWIFT_EMIT_LOC_STRINGS = YES;
				SWIFT_VERSION = 5.0;
				TARGETED_DEVICE_FAMILY = "1,2";
				VALIDATE_PRODUCT = YES;
			};
			name = Release;
		};
		AAFBF83D2899482B00A6655C /* Debug */ = {
			isa = XCBuildConfiguration;
			buildSettings = {
				ASSETCATALOG_COMPILER_APPICON_NAME = AppIcon;
				ASSETCATALOG_COMPILER_GLOBAL_ACCENT_COLOR_NAME = AccentColor;
				CODE_SIGN_ENTITLEMENTS = Example/macOS/macOS.entitlements;
				CODE_SIGN_STYLE = Automatic;
				COMBINE_HIDPI_IMAGES = YES;
				CURRENT_PROJECT_VERSION = 1;
				DEVELOPMENT_TEAM = P3R8YQEV4L;
				ENABLE_HARDENED_RUNTIME = YES;
				ENABLE_PREVIEWS = YES;
				GENERATE_INFOPLIST_FILE = YES;
				INFOPLIST_KEY_LSApplicationCategoryType = "public.app-category.developer-tools";
				INFOPLIST_KEY_NSBluetoothAlwaysUsageDescription = "To connect to your Device, we need Bluetooth access.";
				INFOPLIST_KEY_NSHumanReadableCopyright = "";
				LD_RUNPATH_SEARCH_PATHS = (
					"$(inherited)",
					"@executable_path/../Frameworks",
				);
				MACOSX_DEPLOYMENT_TARGET = 12.3;
				MARKETING_VERSION = 1.0;
				PRODUCT_BUNDLE_IDENTIFIER = "com.nordicsemi.nRF-Memfault";
				PRODUCT_NAME = "nRF Memfault";
				SDKROOT = macosx;
				SWIFT_EMIT_LOC_STRINGS = YES;
				SWIFT_VERSION = 5.0;
			};
			name = Debug;
		};
		AAFBF83E2899482B00A6655C /* Release */ = {
			isa = XCBuildConfiguration;
			buildSettings = {
				ASSETCATALOG_COMPILER_APPICON_NAME = AppIcon;
				ASSETCATALOG_COMPILER_GLOBAL_ACCENT_COLOR_NAME = AccentColor;
				CODE_SIGN_ENTITLEMENTS = Example/macOS/macOS.entitlements;
				CODE_SIGN_STYLE = Automatic;
				COMBINE_HIDPI_IMAGES = YES;
				CURRENT_PROJECT_VERSION = 1;
				DEVELOPMENT_TEAM = P3R8YQEV4L;
				ENABLE_HARDENED_RUNTIME = YES;
				ENABLE_PREVIEWS = YES;
				GENERATE_INFOPLIST_FILE = YES;
				INFOPLIST_KEY_LSApplicationCategoryType = "public.app-category.developer-tools";
				INFOPLIST_KEY_NSBluetoothAlwaysUsageDescription = "To connect to your Device, we need Bluetooth access.";
				INFOPLIST_KEY_NSHumanReadableCopyright = "";
				LD_RUNPATH_SEARCH_PATHS = (
					"$(inherited)",
					"@executable_path/../Frameworks",
				);
				MACOSX_DEPLOYMENT_TARGET = 12.3;
				MARKETING_VERSION = 1.0;
				PRODUCT_BUNDLE_IDENTIFIER = "com.nordicsemi.nRF-Memfault";
				PRODUCT_NAME = "nRF Memfault";
				SDKROOT = macosx;
				SWIFT_EMIT_LOC_STRINGS = YES;
				SWIFT_VERSION = 5.0;
			};
			name = Release;
		};
/* End XCBuildConfiguration section */

/* Begin XCConfigurationList section */
		AAFBF81F2899482900A6655C /* Build configuration list for PBXProject "nRF Memfault" */ = {
			isa = XCConfigurationList;
			buildConfigurations = (
				AAFBF8372899482B00A6655C /* Debug */,
				AAFBF8382899482B00A6655C /* Release */,
			);
			defaultConfigurationIsVisible = 0;
			defaultConfigurationName = Release;
		};
		AAFBF8392899482B00A6655C /* Build configuration list for PBXNativeTarget "nRF Memfault (iOS)" */ = {
			isa = XCConfigurationList;
			buildConfigurations = (
				AAFBF83A2899482B00A6655C /* Debug */,
				AAFBF83B2899482B00A6655C /* Release */,
			);
			defaultConfigurationIsVisible = 0;
			defaultConfigurationName = Release;
		};
		AAFBF83C2899482B00A6655C /* Build configuration list for PBXNativeTarget "nRF Memfault (macOS)" */ = {
			isa = XCConfigurationList;
			buildConfigurations = (
				AAFBF83D2899482B00A6655C /* Debug */,
				AAFBF83E2899482B00A6655C /* Release */,
			);
			defaultConfigurationIsVisible = 0;
			defaultConfigurationName = Release;
		};
/* End XCConfigurationList section */
	};
	rootObject = AAFBF81C2899482900A6655C /* Project object */;
}
